
Microsoft Visual Studio Solution File, Format Version 12.00
# Visual Studio Version 17
VisualStudioVersion = 17.7.34031.279
MinimumVisualStudioVersion = 10.0.40219.1
Project("{FAE04EC0-301F-11D3-BF4B-00C04F79EFBC}") = "group3", "group3.csproj", "{090DAD04-63C2-436B-95AF-93C202E64EB4}"
EndProject
Global
	GlobalSection(SolutionConfigurationPlatforms) = preSolution
		Debug|Any CPU = Debug|Any CPU
		Release|Any CPU = Release|Any CPU
	EndGlobalSection
	GlobalSection(ProjectConfigurationPlatforms) = postSolution
		{090DAD04-63C2-436B-95AF-93C202E64EB4}.Debug|Any CPU.ActiveCfg = Debug|Any CPU
		{090DAD04-63C2-436B-95AF-93C202E64EB4}.Debug|Any CPU.Build.0 = Debug|Any CPU
		{090DAD04-63C2-436B-95AF-93C202E64EB4}.Release|Any CPU.ActiveCfg = Release|Any CPU
		{090DAD04-63C2-436B-95AF-93C202E64EB4}.Release|Any CPU.Build.0 = Release|Any CPU
	EndGlobalSection
	GlobalSection(SolutionProperties) = preSolution
		HideSolutionNode = FALSE
	EndGlobalSection
	GlobalSection(ExtensibilityGlobals) = postSolution
		SolutionGuid = {25DB1FE5-1B30-4252-9911-9572DDCD552A}
	EndGlobalSection
EndGlobal
